// !$*UTF8*$!
{
	archiveVersion = 1;
	classes = {
	};
	objectVersion = 56;
	objects = {

/* Begin PBXBuildFile section */
		F4250681296D6660009D2AC6 /* AppDelegate.swift in Sources */ = {isa = PBXBuildFile; fileRef = F4250680296D6660009D2AC6 /* AppDelegate.swift */; };
		F4250683296D6660009D2AC6 /* SceneDelegate.swift in Sources */ = {isa = PBXBuildFile; fileRef = F4250682296D6660009D2AC6 /* SceneDelegate.swift */; };
		F4250685296D6660009D2AC6 /* MainViewController.swift in Sources */ = {isa = PBXBuildFile; fileRef = F4250684296D6660009D2AC6 /* MainViewController.swift */; };
		F4250688296D6660009D2AC6 /* Main.storyboard in Resources */ = {isa = PBXBuildFile; fileRef = F4250686296D6660009D2AC6 /* Main.storyboard */; };
		F425068D296D6662009D2AC6 /* Assets.xcassets in Resources */ = {isa = PBXBuildFile; fileRef = F425068C296D6662009D2AC6 /* Assets.xcassets */; };
		F4250690296D6662009D2AC6 /* LaunchScreen.storyboard in Resources */ = {isa = PBXBuildFile; fileRef = F425068E296D6662009D2AC6 /* LaunchScreen.storyboard */; };
		F425069A296D6807009D2AC6 /* QuoteCell.swift in Sources */ = {isa = PBXBuildFile; fileRef = F4250699296D6807009D2AC6 /* QuoteCell.swift */; };
		F425069D296D709F009D2AC6 /* Quote.xcdatamodeld in Sources */ = {isa = PBXBuildFile; fileRef = F425069B296D709F009D2AC6 /* Quote.xcdatamodeld */; };
		F425069F296D758F009D2AC6 /* AddQuoteViewController.swift in Sources */ = {isa = PBXBuildFile; fileRef = F425069E296D758F009D2AC6 /* AddQuoteViewController.swift */; };
/* End PBXBuildFile section */

/* Begin PBXFileReference section */
		F425067D296D6660009D2AC6 /* Quotes.app */ = {isa = PBXFileReference; explicitFileType = wrapper.application; includeInIndex = 0; path = Quotes.app; sourceTree = BUILT_PRODUCTS_DIR; };
		F4250680296D6660009D2AC6 /* AppDelegate.swift */ = {isa = PBXFileReference; lastKnownFileType = sourcecode.swift; path = AppDelegate.swift; sourceTree = "<group>"; };
		F4250682296D6660009D2AC6 /* SceneDelegate.swift */ = {isa = PBXFileReference; lastKnownFileType = sourcecode.swift; path = SceneDelegate.swift; sourceTree = "<group>"; };
		F4250684296D6660009D2AC6 /* MainViewController.swift */ = {isa = PBXFileReference; lastKnownFileType = sourcecode.swift; path = MainViewController.swift; sourceTree = "<group>"; };
		F4250687296D6660009D2AC6 /* Base */ = {isa = PBXFileReference; lastKnownFileType = file.storyboard; name = Base; path = Base.lproj/Main.storyboard; sourceTree = "<group>"; };
		F425068C296D6662009D2AC6 /* Assets.xcassets */ = {isa = PBXFileReference; lastKnownFileType = folder.assetcatalog; path = Assets.xcassets; sourceTree = "<group>"; };
		F425068F296D6662009D2AC6 /* Base */ = {isa = PBXFileReference; lastKnownFileType = file.storyboard; name = Base; path = Base.lproj/LaunchScreen.storyboard; sourceTree = "<group>"; };
		F4250691296D6662009D2AC6 /* Info.plist */ = {isa = PBXFileReference; lastKnownFileType = text.plist.xml; path = Info.plist; sourceTree = "<group>"; };
		F4250699296D6807009D2AC6 /* QuoteCell.swift */ = {isa = PBXFileReference; lastKnownFileType = sourcecode.swift; path = QuoteCell.swift; sourceTree = "<group>"; };
		F425069C296D709F009D2AC6 /* Quote.xcdatamodel */ = {isa = PBXFileReference; lastKnownFileType = wrapper.xcdatamodel; path = Quote.xcdatamodel; sourceTree = "<group>"; };
		F425069E296D758F009D2AC6 /* AddQuoteViewController.swift */ = {isa = PBXFileReference; lastKnownFileType = sourcecode.swift; path = AddQuoteViewController.swift; sourceTree = "<group>"; };
/* End PBXFileReference section */

/* Begin PBXFrameworksBuildPhase section */
		F425067A296D6660009D2AC6 /* Frameworks */ = {
			isa = PBXFrameworksBuildPhase;
			buildActionMask = 2147483647;
			files = (
			);
			runOnlyForDeploymentPostprocessing = 0;
		};
/* End PBXFrameworksBuildPhase section */

/* Begin PBXGroup section */
		F4250674296D6660009D2AC6 = {
			isa = PBXGroup;
			children = (
				F425067F296D6660009D2AC6 /* Quotes */,
				F425067E296D6660009D2AC6 /* Products */,
			);
			sourceTree = "<group>";
		};
		F425067E296D6660009D2AC6 /* Products */ = {
			isa = PBXGroup;
			children = (
				F425067D296D6660009D2AC6 /* Quotes.app */,
			);
			name = Products;
			sourceTree = "<group>";
		};
		F425067F296D6660009D2AC6 /* Quotes */ = {
			isa = PBXGroup;
			children = (
				F4250697296D6710009D2AC6 /* AppMain */,
				F42506A0296D8C60009D2AC6 /* Controllers */,
				F42506A2296D8C75009D2AC6 /* Entities */,
				F42506A3296D8C83009D2AC6 /* Storyboard */,
				F4250698296D6723009D2AC6 /* Support */,
			);
			path = Quotes;
			sourceTree = "<group>";
		};
		F4250697296D6710009D2AC6 /* AppMain */ = {
			isa = PBXGroup;
			children = (
				F4250680296D6660009D2AC6 /* AppDelegate.swift */,
				F4250682296D6660009D2AC6 /* SceneDelegate.swift */,
			);
			path = AppMain;
			sourceTree = "<group>";
		};
		F4250698296D6723009D2AC6 /* Support */ = {
			isa = PBXGroup;
			children = (
				F425068E296D6662009D2AC6 /* LaunchScreen.storyboard */,
				F425068C296D6662009D2AC6 /* Assets.xcassets */,
				F4250691296D6662009D2AC6 /* Info.plist */,
			);
			path = Support;
			sourceTree = "<group>";
		};
		F42506A0296D8C60009D2AC6 /* Controllers */ = {
			isa = PBXGroup;
			children = (
				F42506A1296D8C6E009D2AC6 /* Cells */,
				F425069E296D758F009D2AC6 /* AddQuoteViewController.swift */,
				F4250684296D6660009D2AC6 /* MainViewController.swift */,
			);
			path = Controllers;
			sourceTree = "<group>";
		};
		F42506A1296D8C6E009D2AC6 /* Cells */ = {
			isa = PBXGroup;
			children = (
				F4250699296D6807009D2AC6 /* QuoteCell.swift */,
			);
			path = Cells;
			sourceTree = "<group>";
		};
		F42506A2296D8C75009D2AC6 /* Entities */ = {
			isa = PBXGroup;
			children = (
				F425069B296D709F009D2AC6 /* Quote.xcdatamodeld */,
			);
			path = Entities;
			sourceTree = "<group>";
		};
		F42506A3296D8C83009D2AC6 /* Storyboard */ = {
			isa = PBXGroup;
			children = (
				F4250686296D6660009D2AC6 /* Main.storyboard */,
			);
			path = Storyboard;
			sourceTree = "<group>";
		};
/* End PBXGroup section */

/* Begin PBXNativeTarget section */
		F425067C296D6660009D2AC6 /* Quotes */ = {
			isa = PBXNativeTarget;
			buildConfigurationList = F4250694296D6662009D2AC6 /* Build configuration list for PBXNativeTarget "Quotes" */;
			buildPhases = (
				F4250679296D6660009D2AC6 /* Sources */,
				F425067A296D6660009D2AC6 /* Frameworks */,
				F425067B296D6660009D2AC6 /* Resources */,
			);
			buildRules = (
			);
			dependencies = (
			);
			name = Quotes;
			productName = Quotes;
			productReference = F425067D296D6660009D2AC6 /* Quotes.app */;
			productType = "com.apple.product-type.application";
		};
/* End PBXNativeTarget section */

/* Begin PBXProject section */
		F4250675296D6660009D2AC6 /* Project object */ = {
			isa = PBXProject;
			attributes = {
				BuildIndependentTargetsInParallel = 1;
				LastSwiftUpdateCheck = 1420;
				LastUpgradeCheck = 1420;
				TargetAttributes = {
					F425067C296D6660009D2AC6 = {
						CreatedOnToolsVersion = 14.2;
					};
				};
			};
			buildConfigurationList = F4250678296D6660009D2AC6 /* Build configuration list for PBXProject "Quotes" */;
			compatibilityVersion = "Xcode 14.0";
			developmentRegion = en;
			hasScannedForEncodings = 0;
			knownRegions = (
				en,
				Base,
			);
			mainGroup = F4250674296D6660009D2AC6;
			productRefGroup = F425067E296D6660009D2AC6 /* Products */;
			projectDirPath = "";
			projectRoot = "";
			targets = (
				F425067C296D6660009D2AC6 /* Quotes */,
			);
		};
/* End PBXProject section */

/* Begin PBXResourcesBuildPhase section */
		F425067B296D6660009D2AC6 /* Resources */ = {
			isa = PBXResourcesBuildPhase;
			buildActionMask = 2147483647;
			files = (
				F4250690296D6662009D2AC6 /* LaunchScreen.storyboard in Resources */,
				F425068D296D6662009D2AC6 /* Assets.xcassets in Resources */,
				F4250688296D6660009D2AC6 /* Main.storyboard in Resources */,
			);
			runOnlyForDeploymentPostprocessing = 0;
		};
/* End PBXResourcesBuildPhase section */

/* Begin PBXSourcesBuildPhase section */
		F4250679296D6660009D2AC6 /* Sources */ = {
			isa = PBXSourcesBuildPhase;
			buildActionMask = 2147483647;
			files = (
				F425069D296D709F009D2AC6 /* Quote.xcdatamodeld in Sources */,
				F425069F296D758F009D2AC6 /* AddQuoteViewController.swift in Sources */,
				F425069A296D6807009D2AC6 /* QuoteCell.swift in Sources */,
				F4250685296D6660009D2AC6 /* MainViewController.swift in Sources */,
				F4250681296D6660009D2AC6 /* AppDelegate.swift in Sources */,
				F4250683296D6660009D2AC6 /* SceneDelegate.swift in Sources */,
			);
			runOnlyForDeploymentPostprocessing = 0;
		};
/* End PBXSourcesBuildPhase section */

/* Begin PBXVariantGroup section */
		F4250686296D6660009D2AC6 /* Main.storyboard */ = {
			isa = PBXVariantGroup;
			children = (
				F4250687296D6660009D2AC6 /* Base */,
			);
			name = Main.storyboard;
			sourceTree = "<group>";
		};
		F425068E296D6662009D2AC6 /* LaunchScreen.storyboard */ = {
			isa = PBXVariantGroup;
			children = (
				F425068F296D6662009D2AC6 /* Base */,
			);
			name = LaunchScreen.storyboard;
			sourceTree = "<group>";
		};
/* End PBXVariantGroup section */

/* Begin XCBuildConfiguration section */
		F4250692296D6662009D2AC6 /* Debug */ = {
			isa = XCBuildConfiguration;
			buildSettings = {
				ALWAYS_SEARCH_USER_PATHS = NO;
				CLANG_ANALYZER_NONNULL = YES;
				CLANG_ANALYZER_NUMBER_OBJECT_CONVERSION = YES_AGGRESSIVE;
				CLANG_CXX_LANGUAGE_STANDARD = "gnu++20";
				CLANG_ENABLE_MODULES = YES;
				CLANG_ENABLE_OBJC_ARC = YES;
				CLANG_ENABLE_OBJC_WEAK = YES;
				CLANG_WARN_BLOCK_CAPTURE_AUTORELEASING = YES;
				CLANG_WARN_BOOL_CONVERSION = YES;
				CLANG_WARN_COMMA = YES;
				CLANG_WARN_CONSTANT_CONVERSION = YES;
				CLANG_WARN_DEPRECATED_OBJC_IMPLEMENTATIONS = YES;
				CLANG_WARN_DIRECT_OBJC_ISA_USAGE = YES_ERROR;
				CLANG_WARN_DOCUMENTATION_COMMENTS = YES;
				CLANG_WARN_EMPTY_BODY = YES;
				CLANG_WARN_ENUM_CONVERSION = YES;
				CLANG_WARN_INFINITE_RECURSION = YES;
				CLANG_WARN_INT_CONVERSION = YES;
				CLANG_WARN_NON_LITERAL_NULL_CONVERSION = YES;
				CLANG_WARN_OBJC_IMPLICIT_RETAIN_SELF = YES;
				CLANG_WARN_OBJC_LITERAL_CONVERSION = YES;
				CLANG_WARN_OBJC_ROOT_CLASS = YES_ERROR;
				CLANG_WARN_QUOTED_INCLUDE_IN_FRAMEWORK_HEADER = YES;
				CLANG_WARN_RANGE_LOOP_ANALYSIS = YES;
				CLANG_WARN_STRICT_PROTOTYPES = YES;
				CLANG_WARN_SUSPICIOUS_MOVE = YES;
				CLANG_WARN_UNGUARDED_AVAILABILITY = YES_AGGRESSIVE;
				CLANG_WARN_UNREACHABLE_CODE = YES;
				CLANG_WARN__DUPLICATE_METHOD_MATCH = YES;
				COPY_PHASE_STRIP = NO;
				DEBUG_INFORMATION_FORMAT = dwarf;
				ENABLE_STRICT_OBJC_MSGSEND = YES;
				ENABLE_TESTABILITY = YES;
				GCC_C_LANGUAGE_STANDARD = gnu11;
				GCC_DYNAMIC_NO_PIC = NO;
				GCC_NO_COMMON_BLOCKS = YES;
				GCC_OPTIMIZATION_LEVEL = 0;
				GCC_PREPROCESSOR_DEFINITIONS = (
					"DEBUG=1",
					"$(inherited)",
				);
				GCC_WARN_64_TO_32_BIT_CONVERSION = YES;
				GCC_WARN_ABOUT_RETURN_TYPE = YES_ERROR;
				GCC_WARN_UNDECLARED_SELECTOR = YES;
				GCC_WARN_UNINITIALIZED_AUTOS = YES_AGGRESSIVE;
				GCC_WARN_UNUSED_FUNCTION = YES;
				GCC_WARN_UNUSED_VARIABLE = YES;
				IPHONEOS_DEPLOYMENT_TARGET = 16.2;
				MTL_ENABLE_DEBUG_INFO = INCLUDE_SOURCE;
				MTL_FAST_MATH = YES;
				ONLY_ACTIVE_ARCH = YES;
				SDKROOT = iphoneos;
				SWIFT_ACTIVE_COMPILATION_CONDITIONS = DEBUG;
				SWIFT_OPTIMIZATION_LEVEL = "-Onone";
			};
			name = Debug;
		};
		F4250693296D6662009D2AC6 /* Release */ = {
			isa = XCBuildConfiguration;
			buildSettings = {
				ALWAYS_SEARCH_USER_PATHS = NO;
				CLANG_ANALYZER_NONNULL = YES;
				CLANG_ANALYZER_NUMBER_OBJECT_CONVERSION = YES_AGGRESSIVE;
				CLANG_CXX_LANGUAGE_STANDARD = "gnu++20";
				CLANG_ENABLE_MODULES = YES;
				CLANG_ENABLE_OBJC_ARC = YES;
				CLANG_ENABLE_OBJC_WEAK = YES;
				CLANG_WARN_BLOCK_CAPTURE_AUTORELEASING = YES;
				CLANG_WARN_BOOL_CONVERSION = YES;
				CLANG_WARN_COMMA = YES;
				CLANG_WARN_CONSTANT_CONVERSION = YES;
				CLANG_WARN_DEPRECATED_OBJC_IMPLEMENTATIONS = YES;
				CLANG_WARN_DIRECT_OBJC_ISA_USAGE = YES_ERROR;
				CLANG_WARN_DOCUMENTATION_COMMENTS = YES;
				CLANG_WARN_EMPTY_BODY = YES;
				CLANG_WARN_ENUM_CONVERSION = YES;
				CLANG_WARN_INFINITE_RECURSION = YES;
				CLANG_WARN_INT_CONVERSION = YES;
				CLANG_WARN_NON_LITERAL_NULL_CONVERSION = YES;
				CLANG_WARN_OBJC_IMPLICIT_RETAIN_SELF = YES;
				CLANG_WARN_OBJC_LITERAL_CONVERSION = YES;
				CLANG_WARN_OBJC_ROOT_CLASS = YES_ERROR;
				CLANG_WARN_QUOTED_INCLUDE_IN_FRAMEWORK_HEADER = YES;
				CLANG_WARN_RANGE_LOOP_ANALYSIS = YES;
				CLANG_WARN_STRICT_PROTOTYPES = YES;
				CLANG_WARN_SUSPICIOUS_MOVE = YES;
				CLANG_WARN_UNGUARDED_AVAILABILITY = YES_AGGRESSIVE;
				CLANG_WARN_UNREACHABLE_CODE = YES;
				CLANG_WARN__DUPLICATE_METHOD_MATCH = YES;
				COPY_PHASE_STRIP = NO;
				DEBUG_INFORMATION_FORMAT = "dwarf-with-dsym";
				ENABLE_NS_ASSERTIONS = NO;
				ENABLE_STRICT_OBJC_MSGSEND = YES;
				GCC_C_LANGUAGE_STANDARD = gnu11;
				GCC_NO_COMMON_BLOCKS = YES;
				GCC_WARN_64_TO_32_BIT_CONVERSION = YES;
				GCC_WARN_ABOUT_RETURN_TYPE = YES_ERROR;
				GCC_WARN_UNDECLARED_SELECTOR = YES;
				GCC_WARN_UNINITIALIZED_AUTOS = YES_AGGRESSIVE;
				GCC_WARN_UNUSED_FUNCTION = YES;
				GCC_WARN_UNUSED_VARIABLE = YES;
				IPHONEOS_DEPLOYMENT_TARGET = 16.2;
				MTL_ENABLE_DEBUG_INFO = NO;
				MTL_FAST_MATH = YES;
				SDKROOT = iphoneos;
				SWIFT_COMPILATION_MODE = wholemodule;
				SWIFT_OPTIMIZATION_LEVEL = "-O";
				VALIDATE_PRODUCT = YES;
			};
			name = Release;
		};
		F4250695296D6662009D2AC6 /* Debug */ = {
			isa = XCBuildConfiguration;
			buildSettings = {
				ASSETCATALOG_COMPILER_APPICON_NAME = AppIcon;
				ASSETCATALOG_COMPILER_GLOBAL_ACCENT_COLOR_NAME = AccentColor;
				CODE_SIGN_STYLE = Automatic;
				CURRENT_PROJECT_VERSION = 1;
				DEVELOPMENT_TEAM = CBLVW5G4AU;
				GENERATE_INFOPLIST_FILE = YES;
				INFOPLIST_FILE = Quotes/Support/Info.plist;
				INFOPLIST_KEY_UIApplicationSupportsIndirectInputEvents = YES;
				INFOPLIST_KEY_UILaunchStoryboardName = LaunchScreen;
				INFOPLIST_KEY_UIMainStoryboardFile = Main;
				INFOPLIST_KEY_UISupportedInterfaceOrientations_iPad = "UIInterfaceOrientationPortrait UIInterfaceOrientationPortraitUpsideDown UIInterfaceOrientationLandscapeLeft UIInterfaceOrientationLandscapeRight";
				INFOPLIST_KEY_UISupportedInterfaceOrientations_iPhone = "UIInterfaceOrientationPortrait UIInterfaceOrientationLandscapeLeft UIInterfaceOrientationLandscapeRight";
				LD_RUNPATH_SEARCH_PATHS = (
					"$(inherited)",
					"@executable_path/Frameworks",
				);
				MARKETING_VERSION = 1.0;
				PRODUCT_BUNDLE_IDENTIFIER = lev.bazhkov.Quotes;
				PRODUCT_NAME = "$(TARGET_NAME)";
				SWIFT_EMIT_LOC_STRINGS = YES;
				SWIFT_VERSION = 5.0;
				TARGETED_DEVICE_FAMILY = "1,2";
			};
			name = Debug;
		};
		F4250696296D6662009D2AC6 /* Release */ = {
			isa = XCBuildConfiguration;
			buildSettings = {
				ASSETCATALOG_COMPILER_APPICON_NAME = AppIcon;
				ASSETCATALOG_COMPILER_GLOBAL_ACCENT_COLOR_NAME = AccentColor;
				CODE_SIGN_STYLE = Automatic;
				CURRENT_PROJECT_VERSION = 1;
				DEVELOPMENT_TEAM = CBLVW5G4AU;
				GENERATE_INFOPLIST_FILE = YES;
				INFOPLIST_FILE = Quotes/Support/Info.plist;
				INFOPLIST_KEY_UIApplicationSupportsIndirectInputEvents = YES;
				INFOPLIST_KEY_UILaunchStoryboardName = LaunchScreen;
				INFOPLIST_KEY_UIMainStoryboardFile = Main;
				INFOPLIST_KEY_UISupportedInterfaceOrientations_iPad = "UIInterfaceOrientationPortrait UIInterfaceOrientationPortraitUpsideDown UIInterfaceOrientationLandscapeLeft UIInterfaceOrientationLandscapeRight";
				INFOPLIST_KEY_UISupportedInterfaceOrientations_iPhone = "UIInterfaceOrientationPortrait UIInterfaceOrientationLandscapeLeft UIInterfaceOrientationLandscapeRight";
				LD_RUNPATH_SEARCH_PATHS = (
					"$(inherited)",
					"@executable_path/Frameworks",
				);
				MARKETING_VERSION = 1.0;
				PRODUCT_BUNDLE_IDENTIFIER = lev.bazhkov.Quotes;
				PRODUCT_NAME = "$(TARGET_NAME)";
				SWIFT_EMIT_LOC_STRINGS = YES;
				SWIFT_VERSION = 5.0;
				TARGETED_DEVICE_FAMILY = "1,2";
			};
			name = Release;
		};
/* End XCBuildConfiguration section */

/* Begin XCConfigurationList section */
		F4250678296D6660009D2AC6 /* Build configuration list for PBXProject "Quotes" */ = {
			isa = XCConfigurationList;
			buildConfigurations = (
				F4250692296D6662009D2AC6 /* Debug */,
				F4250693296D6662009D2AC6 /* Release */,
			);
			defaultConfigurationIsVisible = 0;
			defaultConfigurationName = Release;
		};
		F4250694296D6662009D2AC6 /* Build configuration list for PBXNativeTarget "Quotes" */ = {
			isa = XCConfigurationList;
			buildConfigurations = (
				F4250695296D6662009D2AC6 /* Debug */,
				F4250696296D6662009D2AC6 /* Release */,
			);
			defaultConfigurationIsVisible = 0;
			defaultConfigurationName = Release;
		};
/* End XCConfigurationList section */

/* Begin XCVersionGroup section */
		F425069B296D709F009D2AC6 /* Quote.xcdatamodeld */ = {
			isa = XCVersionGroup;
			children = (
				F425069C296D709F009D2AC6 /* Quote.xcdatamodel */,
			);
			currentVersion = F425069C296D709F009D2AC6 /* Quote.xcdatamodel */;
			path = Quote.xcdatamodeld;
			sourceTree = "<group>";
			versionGroupType = wrapper.xcdatamodel;
		};
/* End XCVersionGroup section */
	};
	rootObject = F4250675296D6660009D2AC6 /* Project object */;
}
